
Microsoft Visual Studio Solution File, Format Version 12.00
# Visual Studio 15
VisualStudioVersion = 15.0.28010.2036
MinimumVisualStudioVersion = 10.0.40219.1
Project("{9A19103F-16F7-4668-BE54-9A1E7A4F7556}") = "Client", "Client\Client.csproj", "{5A7DEB93-EA72-4A07-8D07-94598A4B1D7B}"
EndProject
Project("{9A19103F-16F7-4668-BE54-9A1E7A4F7556}") = "Contract", "Contract\Contract.csproj", "{06B4D74F-BC26-4542-B357-DD8065028D06}"
EndProject
Project("{9A19103F-16F7-4668-BE54-9A1E7A4F7556}") = "Server", "Server\Server.csproj", "{3F08D387-E7DB-4409-8A42-8178D10F215E}"
EndProject
Project("{9A19103F-16F7-4668-BE54-9A1E7A4F7556}") = "NetworkOperation", "NetworkOperation\NetworkOperation.csproj", "{B920FB06-CAC5-4AFF-B68B-B6487EA47735}"
EndProject
Project("{9A19103F-16F7-4668-BE54-9A1E7A4F7556}") = "NetOperationTest", "NetOperationTest\NetOperationTest.csproj", "{562DF6EF-288F-49A6-9C8F-4404FFB55187}"
EndProject
Project("{9A19103F-16F7-4668-BE54-9A1E7A4F7556}") = "NetworkOperation.Server", "NetworkOperation.Server\NetworkOperation.Server.csproj", "{EA06E951-1304-4B21-BF79-2AFCCB2FE4D2}"
EndProject
Project("{9A19103F-16F7-4668-BE54-9A1E7A4F7556}") = "NetworkOperation.Client", "NetworkOperation.Client\NetworkOperation.Client.csproj", "{5F322785-B033-4685-A873-CA7F7A2B931D}"
EndProject
Project("{9A19103F-16F7-4668-BE54-9A1E7A4F7556}") = "NetLibOperation.Client", "NetLibOperation.Client\NetLibOperation.Client.csproj", "{D178E70E-622B-4DC0-885B-D7B73D095586}"
EndProject
Project("{9A19103F-16F7-4668-BE54-9A1E7A4F7556}") = "NetLibOperation.Server", "NetLibOperation.Server\NetLibOperation.Server.csproj", "{988751CC-1A9F-4537-A03E-297144AFDFE6}"
EndProject
Project("{9A19103F-16F7-4668-BE54-9A1E7A4F7556}") = "NetLibOperation", "NetLibOperation\NetLibOperation.csproj", "{F2F7F7BD-EC69-4467-952C-04E32DB50BBD}"
EndProject
Project("{9A19103F-16F7-4668-BE54-9A1E7A4F7556}") = "Tcp.Client", "Tcp.Client\Tcp.Client.csproj", "{69D62E7F-3CE5-49E9-8DFD-E4F8880BD089}"
EndProject
Project("{9A19103F-16F7-4668-BE54-9A1E7A4F7556}") = "Tcp.Server", "Tcp.Server\Tcp.Server.csproj", "{07821859-95A2-4F17-958E-935127927300}"
EndProject
Project("{9A19103F-16F7-4668-BE54-9A1E7A4F7556}") = "Tcp.Core", "Tcp.Core\Tcp.Core.csproj", "{6AA1754D-3AF7-4086-A8B4-E36BF6E27748}"
EndProject
Project("{FAE04EC0-301F-11D3-BF4B-00C04F79EFBC}") = "TemplateDispatcher", "AutoDispatchers\TemplateDispatcher.csproj", "{9224C04A-3B48-44E6-902F-739E2259C3A8}"
EndProject
Global
	GlobalSection(SolutionConfigurationPlatforms) = preSolution
		Debug|Any CPU = Debug|Any CPU
		Release|Any CPU = Release|Any CPU
	EndGlobalSection
	GlobalSection(ProjectConfigurationPlatforms) = postSolution
		{5A7DEB93-EA72-4A07-8D07-94598A4B1D7B}.Debug|Any CPU.ActiveCfg = Debug|Any CPU
		{5A7DEB93-EA72-4A07-8D07-94598A4B1D7B}.Debug|Any CPU.Build.0 = Debug|Any CPU
		{5A7DEB93-EA72-4A07-8D07-94598A4B1D7B}.Release|Any CPU.ActiveCfg = Release|Any CPU
		{5A7DEB93-EA72-4A07-8D07-94598A4B1D7B}.Release|Any CPU.Build.0 = Release|Any CPU
		{06B4D74F-BC26-4542-B357-DD8065028D06}.Debug|Any CPU.ActiveCfg = Debug|Any CPU
		{06B4D74F-BC26-4542-B357-DD8065028D06}.Debug|Any CPU.Build.0 = Debug|Any CPU
		{06B4D74F-BC26-4542-B357-DD8065028D06}.Release|Any CPU.ActiveCfg = Release|Any CPU
		{06B4D74F-BC26-4542-B357-DD8065028D06}.Release|Any CPU.Build.0 = Release|Any CPU
		{3F08D387-E7DB-4409-8A42-8178D10F215E}.Debug|Any CPU.ActiveCfg = Debug|Any CPU
		{3F08D387-E7DB-4409-8A42-8178D10F215E}.Debug|Any CPU.Build.0 = Debug|Any CPU
		{3F08D387-E7DB-4409-8A42-8178D10F215E}.Release|Any CPU.ActiveCfg = Release|Any CPU
		{3F08D387-E7DB-4409-8A42-8178D10F215E}.Release|Any CPU.Build.0 = Release|Any CPU
		{B920FB06-CAC5-4AFF-B68B-B6487EA47735}.Debug|Any CPU.ActiveCfg = Debug|Any CPU
		{B920FB06-CAC5-4AFF-B68B-B6487EA47735}.Debug|Any CPU.Build.0 = Debug|Any CPU
		{B920FB06-CAC5-4AFF-B68B-B6487EA47735}.Release|Any CPU.ActiveCfg = Release|Any CPU
		{B920FB06-CAC5-4AFF-B68B-B6487EA47735}.Release|Any CPU.Build.0 = Release|Any CPU
		{562DF6EF-288F-49A6-9C8F-4404FFB55187}.Debug|Any CPU.ActiveCfg = Debug|Any CPU
		{562DF6EF-288F-49A6-9C8F-4404FFB55187}.Debug|Any CPU.Build.0 = Debug|Any CPU
		{562DF6EF-288F-49A6-9C8F-4404FFB55187}.Release|Any CPU.ActiveCfg = Release|Any CPU
		{562DF6EF-288F-49A6-9C8F-4404FFB55187}.Release|Any CPU.Build.0 = Release|Any CPU
		{EA06E951-1304-4B21-BF79-2AFCCB2FE4D2}.Debug|Any CPU.ActiveCfg = Debug|Any CPU
		{EA06E951-1304-4B21-BF79-2AFCCB2FE4D2}.Debug|Any CPU.Build.0 = Debug|Any CPU
		{EA06E951-1304-4B21-BF79-2AFCCB2FE4D2}.Release|Any CPU.ActiveCfg = Release|Any CPU
		{EA06E951-1304-4B21-BF79-2AFCCB2FE4D2}.Release|Any CPU.Build.0 = Release|Any CPU
		{5F322785-B033-4685-A873-CA7F7A2B931D}.Debug|Any CPU.ActiveCfg = Debug|Any CPU
		{5F322785-B033-4685-A873-CA7F7A2B931D}.Debug|Any CPU.Build.0 = Debug|Any CPU
		{5F322785-B033-4685-A873-CA7F7A2B931D}.Release|Any CPU.ActiveCfg = Release|Any CPU
		{5F322785-B033-4685-A873-CA7F7A2B931D}.Release|Any CPU.Build.0 = Release|Any CPU
		{D178E70E-622B-4DC0-885B-D7B73D095586}.Debug|Any CPU.ActiveCfg = Debug|Any CPU
		{D178E70E-622B-4DC0-885B-D7B73D095586}.Debug|Any CPU.Build.0 = Debug|Any CPU
		{D178E70E-622B-4DC0-885B-D7B73D095586}.Release|Any CPU.ActiveCfg = Release|Any CPU
		{D178E70E-622B-4DC0-885B-D7B73D095586}.Release|Any CPU.Build.0 = Release|Any CPU
		{988751CC-1A9F-4537-A03E-297144AFDFE6}.Debug|Any CPU.ActiveCfg = Debug|Any CPU
		{988751CC-1A9F-4537-A03E-297144AFDFE6}.Debug|Any CPU.Build.0 = Debug|Any CPU
		{988751CC-1A9F-4537-A03E-297144AFDFE6}.Release|Any CPU.ActiveCfg = Release|Any CPU
		{988751CC-1A9F-4537-A03E-297144AFDFE6}.Release|Any CPU.Build.0 = Release|Any CPU
		{F2F7F7BD-EC69-4467-952C-04E32DB50BBD}.Debug|Any CPU.ActiveCfg = Debug|Any CPU
		{F2F7F7BD-EC69-4467-952C-04E32DB50BBD}.Debug|Any CPU.Build.0 = Debug|Any CPU
		{F2F7F7BD-EC69-4467-952C-04E32DB50BBD}.Release|Any CPU.ActiveCfg = Release|Any CPU
		{F2F7F7BD-EC69-4467-952C-04E32DB50BBD}.Release|Any CPU.Build.0 = Release|Any CPU
		{69D62E7F-3CE5-49E9-8DFD-E4F8880BD089}.Debug|Any CPU.ActiveCfg = Debug|Any CPU
		{69D62E7F-3CE5-49E9-8DFD-E4F8880BD089}.Debug|Any CPU.Build.0 = Debug|Any CPU
		{69D62E7F-3CE5-49E9-8DFD-E4F8880BD089}.Release|Any CPU.ActiveCfg = Release|Any CPU
		{69D62E7F-3CE5-49E9-8DFD-E4F8880BD089}.Release|Any CPU.Build.0 = Release|Any CPU
		{07821859-95A2-4F17-958E-935127927300}.Debug|Any CPU.ActiveCfg = Debug|Any CPU
		{07821859-95A2-4F17-958E-935127927300}.Debug|Any CPU.Build.0 = Debug|Any CPU
		{07821859-95A2-4F17-958E-935127927300}.Release|Any CPU.ActiveCfg = Release|Any CPU
		{07821859-95A2-4F17-958E-935127927300}.Release|Any CPU.Build.0 = Release|Any CPU
		{6AA1754D-3AF7-4086-A8B4-E36BF6E27748}.Debug|Any CPU.ActiveCfg = Debug|Any CPU
		{6AA1754D-3AF7-4086-A8B4-E36BF6E27748}.Debug|Any CPU.Build.0 = Debug|Any CPU
		{6AA1754D-3AF7-4086-A8B4-E36BF6E27748}.Release|Any CPU.ActiveCfg = Release|Any CPU
		{6AA1754D-3AF7-4086-A8B4-E36BF6E27748}.Release|Any CPU.Build.0 = Release|Any CPU
		{9224C04A-3B48-44E6-902F-739E2259C3A8}.Debug|Any CPU.ActiveCfg = Debug|Any CPU
		{9224C04A-3B48-44E6-902F-739E2259C3A8}.Debug|Any CPU.Build.0 = Debug|Any CPU
		{9224C04A-3B48-44E6-902F-739E2259C3A8}.Release|Any CPU.ActiveCfg = Release|Any CPU
		{9224C04A-3B48-44E6-902F-739E2259C3A8}.Release|Any CPU.Build.0 = Release|Any CPU
	EndGlobalSection
	GlobalSection(SolutionProperties) = preSolution
		HideSolutionNode = FALSE
	EndGlobalSection
	GlobalSection(ExtensibilityGlobals) = postSolution
		SolutionGuid = {B8D9E72A-BD0B-459A-9E49-1FB6AC12940C}
	EndGlobalSection
EndGlobal
