
Microsoft Visual Studio Solution File, Format Version 12.00
# Visual Studio 15
VisualStudioVersion = 15.0.28010.2036
MinimumVisualStudioVersion = 10.0.40219.1
Project("{9A19103F-16F7-4668-BE54-9A1E7A4F7556}") = "NetOperationTest", "NetOperationTest\NetOperationTest.csproj", "{562DF6EF-288F-49A6-9C8F-4404FFB55187}"
EndProject
Project("{9A19103F-16F7-4668-BE54-9A1E7A4F7556}") = "NetworkOperation.LiteNet.Client", "NetworkOperation.LiteNet.Client\NetworkOperation.LiteNet.Client.csproj", "{D178E70E-622B-4DC0-885B-D7B73D095586}"
EndProject
Project("{9A19103F-16F7-4668-BE54-9A1E7A4F7556}") = "NetworkOperation.LiteNet.Host", "NetworkOperation.LiteNet.Host\NetworkOperation.LiteNet.Host.csproj", "{988751CC-1A9F-4537-A03E-297144AFDFE6}"
EndProject
Project("{9A19103F-16F7-4668-BE54-9A1E7A4F7556}") = "NetworkOperation.LiteNet", "NetworkOperation.LiteNet\NetworkOperation.LiteNet.csproj", "{F2F7F7BD-EC69-4467-952C-04E32DB50BBD}"
EndProject
Project("{9A19103F-16F7-4668-BE54-9A1E7A4F7556}") = "Tcp.Client", "Tcp.Client\Tcp.Client.csproj", "{69D62E7F-3CE5-49E9-8DFD-E4F8880BD089}"
EndProject
Project("{9A19103F-16F7-4668-BE54-9A1E7A4F7556}") = "Tcp.Server", "Tcp.Server\Tcp.Server.csproj", "{07821859-95A2-4F17-958E-935127927300}"
EndProject
Project("{9A19103F-16F7-4668-BE54-9A1E7A4F7556}") = "Tcp.Core", "Tcp.Core\Tcp.Core.csproj", "{6AA1754D-3AF7-4086-A8B4-E36BF6E27748}"
EndProject
Project("{FAE04EC0-301F-11D3-BF4B-00C04F79EFBC}") = "DispatcherGenerator", "AutoDispatchers\DispatcherGenerator.csproj", "{9224C04A-3B48-44E6-902F-739E2259C3A8}"
EndProject
Project("{FAE04EC0-301F-11D3-BF4B-00C04F79EFBC}") = "NetworkOperation.Host", "NetworkOperation.Host\NetworkOperation.Host.csproj", "{1FD14304-21A4-4218-AE6D-BC8C4AC52ED7}"
EndProject
Project("{FAE04EC0-301F-11D3-BF4B-00C04F79EFBC}") = "NetworkOperation.Client", "NetworkOperation.Client\NetworkOperation.Client.csproj", "{4F2F56BF-6777-48AB-BECB-ACAECA05C8D9}"
EndProject
Project("{FAE04EC0-301F-11D3-BF4B-00C04F79EFBC}") = "IntegrationTests", "IntegrationTests\IntegrationTests.csproj", "{EC26E6B3-B9CD-4D27-A39D-7D2C6FB64DE1}"
EndProject
Project("{FAE04EC0-301F-11D3-BF4B-00C04F79EFBC}") = "Serializer.MessagePack", "Serializer.MessagePack\Serializer.MessagePack.csproj", "{9E532F2F-95AA-4207-ADEB-491B2C805E6A}"
EndProject
Project("{FAE04EC0-301F-11D3-BF4B-00C04F79EFBC}") = "NetworkOperation.Infrastructure.Client", "NetworkOperation.Infrastructure.Client\NetworkOperation.Infrastructure.Client.csproj", "{8B504A65-AC14-4F04-B915-CD43D86FF891}"
EndProject
Project("{FAE04EC0-301F-11D3-BF4B-00C04F79EFBC}") = "NetworkOperation.Infrastructure.Client.LiteNet", "NetworkOperation.Infrastructure.Client.LiteNet\NetworkOperation.Infrastructure.Client.LiteNet.csproj", "{F2F42265-FF16-47B1-BF51-A637F6446EE4}"
EndProject
Project("{FAE04EC0-301F-11D3-BF4B-00C04F79EFBC}") = "NetworkOperation.Infrastructure.Core", "NetworkOperation.Infrastructure.Core\NetworkOperation.Infrastructure.Core.csproj", "{042D11DA-BA4E-4E9F-99DB-285F47BA85D7}"
EndProject
Project("{FAE04EC0-301F-11D3-BF4B-00C04F79EFBC}") = "NetworkOperation.Infrastructure.Host", "NetworkOperation.Infrastructure.Host\NetworkOperation.Infrastructure.Host.csproj", "{A36B7C64-F1B4-4951-ACE3-4AE7BF21DAEE}"
EndProject
Project("{FAE04EC0-301F-11D3-BF4B-00C04F79EFBC}") = "NetworkOperation.Infrastructure.Host.LiteNet", "NetworkOperation.Infrastructure.Host.LiteNet\NetworkOperation.Infrastructure.Host.LiteNet.csproj", "{A85896F4-1F08-459A-BE26-8B1F554FDE4A}"
EndProject
Project("{FAE04EC0-301F-11D3-BF4B-00C04F79EFBC}") = "NetworkOperation.Core", "NetworkOperation.Core\NetworkOperation.Core.csproj", "{9E248AA2-5D33-4499-A956-311F6E14EBF6}"
EndProject
Project("{FAE04EC0-301F-11D3-BF4B-00C04F79EFBC}") = "NetworkOperation.WebSockets.Core", "NetworkOperation.WebSockets.Core\NetworkOperation.WebSockets.Core.csproj", "{064813C7-3D5D-4C35-8D81-202599B4ADEF}"
EndProject
Project("{FAE04EC0-301F-11D3-BF4B-00C04F79EFBC}") = "NetworkOperation.WebSockets.Client", "NetworkOperation.WebSockets.Client\NetworkOperation.WebSockets.Client.csproj", "{3403A175-68C7-48A6-A9F3-DE8DF99A9354}"
EndProject
Global
	GlobalSection(SolutionConfigurationPlatforms) = preSolution
		Debug|Any CPU = Debug|Any CPU
		Release|Any CPU = Release|Any CPU
		AOT|Any CPU = AOT|Any CPU
	EndGlobalSection
	GlobalSection(ProjectConfigurationPlatforms) = postSolution
		{562DF6EF-288F-49A6-9C8F-4404FFB55187}.Debug|Any CPU.ActiveCfg = Debug|Any CPU
		{562DF6EF-288F-49A6-9C8F-4404FFB55187}.Debug|Any CPU.Build.0 = Debug|Any CPU
		{562DF6EF-288F-49A6-9C8F-4404FFB55187}.Release|Any CPU.ActiveCfg = Release|Any CPU
		{562DF6EF-288F-49A6-9C8F-4404FFB55187}.Release|Any CPU.Build.0 = Release|Any CPU
		{562DF6EF-288F-49A6-9C8F-4404FFB55187}.AOT|Any CPU.ActiveCfg = AOT|Any CPU
		{562DF6EF-288F-49A6-9C8F-4404FFB55187}.AOT|Any CPU.Build.0 = AOT|Any CPU
		{D178E70E-622B-4DC0-885B-D7B73D095586}.Debug|Any CPU.ActiveCfg = Debug|Any CPU
		{D178E70E-622B-4DC0-885B-D7B73D095586}.Debug|Any CPU.Build.0 = Debug|Any CPU
		{D178E70E-622B-4DC0-885B-D7B73D095586}.Release|Any CPU.ActiveCfg = Release|Any CPU
		{D178E70E-622B-4DC0-885B-D7B73D095586}.Release|Any CPU.Build.0 = Release|Any CPU
		{988751CC-1A9F-4537-A03E-297144AFDFE6}.Debug|Any CPU.ActiveCfg = Debug|Any CPU
		{988751CC-1A9F-4537-A03E-297144AFDFE6}.Debug|Any CPU.Build.0 = Debug|Any CPU
		{988751CC-1A9F-4537-A03E-297144AFDFE6}.Release|Any CPU.ActiveCfg = Release|Any CPU
		{988751CC-1A9F-4537-A03E-297144AFDFE6}.Release|Any CPU.Build.0 = Release|Any CPU
		{F2F7F7BD-EC69-4467-952C-04E32DB50BBD}.Debug|Any CPU.ActiveCfg = Debug|Any CPU
		{F2F7F7BD-EC69-4467-952C-04E32DB50BBD}.Debug|Any CPU.Build.0 = Debug|Any CPU
		{F2F7F7BD-EC69-4467-952C-04E32DB50BBD}.Release|Any CPU.ActiveCfg = Release|Any CPU
		{F2F7F7BD-EC69-4467-952C-04E32DB50BBD}.Release|Any CPU.Build.0 = Release|Any CPU
		{69D62E7F-3CE5-49E9-8DFD-E4F8880BD089}.Debug|Any CPU.ActiveCfg = Debug|Any CPU
		{69D62E7F-3CE5-49E9-8DFD-E4F8880BD089}.Debug|Any CPU.Build.0 = Debug|Any CPU
		{69D62E7F-3CE5-49E9-8DFD-E4F8880BD089}.Release|Any CPU.ActiveCfg = Release|Any CPU
		{69D62E7F-3CE5-49E9-8DFD-E4F8880BD089}.Release|Any CPU.Build.0 = Release|Any CPU
		{69D62E7F-3CE5-49E9-8DFD-E4F8880BD089}.AOT|Any CPU.ActiveCfg = AOT|Any CPU
		{69D62E7F-3CE5-49E9-8DFD-E4F8880BD089}.AOT|Any CPU.Build.0 = AOT|Any CPU
		{07821859-95A2-4F17-958E-935127927300}.Debug|Any CPU.ActiveCfg = Debug|Any CPU
		{07821859-95A2-4F17-958E-935127927300}.Debug|Any CPU.Build.0 = Debug|Any CPU
		{07821859-95A2-4F17-958E-935127927300}.Release|Any CPU.ActiveCfg = Release|Any CPU
		{07821859-95A2-4F17-958E-935127927300}.Release|Any CPU.Build.0 = Release|Any CPU
		{07821859-95A2-4F17-958E-935127927300}.AOT|Any CPU.ActiveCfg = AOT|Any CPU
		{07821859-95A2-4F17-958E-935127927300}.AOT|Any CPU.Build.0 = AOT|Any CPU
		{6AA1754D-3AF7-4086-A8B4-E36BF6E27748}.Debug|Any CPU.ActiveCfg = Debug|Any CPU
		{6AA1754D-3AF7-4086-A8B4-E36BF6E27748}.Debug|Any CPU.Build.0 = Debug|Any CPU
		{6AA1754D-3AF7-4086-A8B4-E36BF6E27748}.Release|Any CPU.ActiveCfg = Release|Any CPU
		{6AA1754D-3AF7-4086-A8B4-E36BF6E27748}.Release|Any CPU.Build.0 = Release|Any CPU
		{6AA1754D-3AF7-4086-A8B4-E36BF6E27748}.AOT|Any CPU.ActiveCfg = AOT|Any CPU
		{6AA1754D-3AF7-4086-A8B4-E36BF6E27748}.AOT|Any CPU.Build.0 = AOT|Any CPU
		{9224C04A-3B48-44E6-902F-739E2259C3A8}.Debug|Any CPU.ActiveCfg = Debug|Any CPU
		{9224C04A-3B48-44E6-902F-739E2259C3A8}.Debug|Any CPU.Build.0 = Debug|Any CPU
		{9224C04A-3B48-44E6-902F-739E2259C3A8}.Release|Any CPU.ActiveCfg = Release|Any CPU
		{9224C04A-3B48-44E6-902F-739E2259C3A8}.Release|Any CPU.Build.0 = Release|Any CPU
		{1FD14304-21A4-4218-AE6D-BC8C4AC52ED7}.Debug|Any CPU.ActiveCfg = Debug|Any CPU
		{1FD14304-21A4-4218-AE6D-BC8C4AC52ED7}.Debug|Any CPU.Build.0 = Debug|Any CPU
		{1FD14304-21A4-4218-AE6D-BC8C4AC52ED7}.Release|Any CPU.ActiveCfg = Release|Any CPU
		{1FD14304-21A4-4218-AE6D-BC8C4AC52ED7}.Release|Any CPU.Build.0 = Release|Any CPU
		{4F2F56BF-6777-48AB-BECB-ACAECA05C8D9}.Debug|Any CPU.ActiveCfg = Debug|Any CPU
		{4F2F56BF-6777-48AB-BECB-ACAECA05C8D9}.Debug|Any CPU.Build.0 = Debug|Any CPU
		{4F2F56BF-6777-48AB-BECB-ACAECA05C8D9}.Release|Any CPU.ActiveCfg = Release|Any CPU
		{4F2F56BF-6777-48AB-BECB-ACAECA05C8D9}.Release|Any CPU.Build.0 = Release|Any CPU
		{EC26E6B3-B9CD-4D27-A39D-7D2C6FB64DE1}.Debug|Any CPU.ActiveCfg = Debug|Any CPU
		{EC26E6B3-B9CD-4D27-A39D-7D2C6FB64DE1}.Debug|Any CPU.Build.0 = Debug|Any CPU
		{EC26E6B3-B9CD-4D27-A39D-7D2C6FB64DE1}.Release|Any CPU.ActiveCfg = Release|Any CPU
		{EC26E6B3-B9CD-4D27-A39D-7D2C6FB64DE1}.Release|Any CPU.Build.0 = Release|Any CPU
		{EC26E6B3-B9CD-4D27-A39D-7D2C6FB64DE1}.AOT|Any CPU.ActiveCfg = Debug|Any CPU
		{EC26E6B3-B9CD-4D27-A39D-7D2C6FB64DE1}.AOT|Any CPU.Build.0 = Debug|Any CPU
		{9E532F2F-95AA-4207-ADEB-491B2C805E6A}.Debug|Any CPU.ActiveCfg = Debug|Any CPU
		{9E532F2F-95AA-4207-ADEB-491B2C805E6A}.Debug|Any CPU.Build.0 = Debug|Any CPU
		{9E532F2F-95AA-4207-ADEB-491B2C805E6A}.Release|Any CPU.ActiveCfg = Release|Any CPU
		{9E532F2F-95AA-4207-ADEB-491B2C805E6A}.Release|Any CPU.Build.0 = Release|Any CPU
		{9E532F2F-95AA-4207-ADEB-491B2C805E6A}.AOT|Any CPU.ActiveCfg = Debug|Any CPU
		{9E532F2F-95AA-4207-ADEB-491B2C805E6A}.AOT|Any CPU.Build.0 = Debug|Any CPU
		{8B504A65-AC14-4F04-B915-CD43D86FF891}.Debug|Any CPU.ActiveCfg = Debug|Any CPU
		{8B504A65-AC14-4F04-B915-CD43D86FF891}.Debug|Any CPU.Build.0 = Debug|Any CPU
		{8B504A65-AC14-4F04-B915-CD43D86FF891}.Release|Any CPU.ActiveCfg = Release|Any CPU
		{8B504A65-AC14-4F04-B915-CD43D86FF891}.Release|Any CPU.Build.0 = Release|Any CPU
		{8B504A65-AC14-4F04-B915-CD43D86FF891}.AOT|Any CPU.ActiveCfg = Debug|Any CPU
		{8B504A65-AC14-4F04-B915-CD43D86FF891}.AOT|Any CPU.Build.0 = Debug|Any CPU
		{F2F42265-FF16-47B1-BF51-A637F6446EE4}.Debug|Any CPU.ActiveCfg = Debug|Any CPU
		{F2F42265-FF16-47B1-BF51-A637F6446EE4}.Debug|Any CPU.Build.0 = Debug|Any CPU
		{F2F42265-FF16-47B1-BF51-A637F6446EE4}.Release|Any CPU.ActiveCfg = Release|Any CPU
		{F2F42265-FF16-47B1-BF51-A637F6446EE4}.Release|Any CPU.Build.0 = Release|Any CPU
		{F2F42265-FF16-47B1-BF51-A637F6446EE4}.AOT|Any CPU.ActiveCfg = Debug|Any CPU
		{F2F42265-FF16-47B1-BF51-A637F6446EE4}.AOT|Any CPU.Build.0 = Debug|Any CPU
		{042D11DA-BA4E-4E9F-99DB-285F47BA85D7}.Debug|Any CPU.ActiveCfg = Debug|Any CPU
		{042D11DA-BA4E-4E9F-99DB-285F47BA85D7}.Debug|Any CPU.Build.0 = Debug|Any CPU
		{042D11DA-BA4E-4E9F-99DB-285F47BA85D7}.Release|Any CPU.ActiveCfg = Release|Any CPU
		{042D11DA-BA4E-4E9F-99DB-285F47BA85D7}.Release|Any CPU.Build.0 = Release|Any CPU
		{042D11DA-BA4E-4E9F-99DB-285F47BA85D7}.AOT|Any CPU.ActiveCfg = Debug|Any CPU
		{042D11DA-BA4E-4E9F-99DB-285F47BA85D7}.AOT|Any CPU.Build.0 = Debug|Any CPU
		{A36B7C64-F1B4-4951-ACE3-4AE7BF21DAEE}.Debug|Any CPU.ActiveCfg = Debug|Any CPU
		{A36B7C64-F1B4-4951-ACE3-4AE7BF21DAEE}.Debug|Any CPU.Build.0 = Debug|Any CPU
		{A36B7C64-F1B4-4951-ACE3-4AE7BF21DAEE}.Release|Any CPU.ActiveCfg = Release|Any CPU
		{A36B7C64-F1B4-4951-ACE3-4AE7BF21DAEE}.Release|Any CPU.Build.0 = Release|Any CPU
		{A36B7C64-F1B4-4951-ACE3-4AE7BF21DAEE}.AOT|Any CPU.ActiveCfg = Debug|Any CPU
		{A36B7C64-F1B4-4951-ACE3-4AE7BF21DAEE}.AOT|Any CPU.Build.0 = Debug|Any CPU
		{A85896F4-1F08-459A-BE26-8B1F554FDE4A}.Debug|Any CPU.ActiveCfg = Debug|Any CPU
		{A85896F4-1F08-459A-BE26-8B1F554FDE4A}.Debug|Any CPU.Build.0 = Debug|Any CPU
		{A85896F4-1F08-459A-BE26-8B1F554FDE4A}.Release|Any CPU.ActiveCfg = Release|Any CPU
		{A85896F4-1F08-459A-BE26-8B1F554FDE4A}.Release|Any CPU.Build.0 = Release|Any CPU
		{A85896F4-1F08-459A-BE26-8B1F554FDE4A}.AOT|Any CPU.ActiveCfg = Debug|Any CPU
		{A85896F4-1F08-459A-BE26-8B1F554FDE4A}.AOT|Any CPU.Build.0 = Debug|Any CPU
		{9E248AA2-5D33-4499-A956-311F6E14EBF6}.Debug|Any CPU.ActiveCfg = Debug|Any CPU
		{9E248AA2-5D33-4499-A956-311F6E14EBF6}.Debug|Any CPU.Build.0 = Debug|Any CPU
		{9E248AA2-5D33-4499-A956-311F6E14EBF6}.Release|Any CPU.ActiveCfg = Release|Any CPU
		{9E248AA2-5D33-4499-A956-311F6E14EBF6}.Release|Any CPU.Build.0 = Release|Any CPU
		{9E248AA2-5D33-4499-A956-311F6E14EBF6}.AOT|Any CPU.ActiveCfg = Debug|Any CPU
		{9E248AA2-5D33-4499-A956-311F6E14EBF6}.AOT|Any CPU.Build.0 = Debug|Any CPU
		{064813C7-3D5D-4C35-8D81-202599B4ADEF}.Debug|Any CPU.ActiveCfg = Debug|Any CPU
		{064813C7-3D5D-4C35-8D81-202599B4ADEF}.Debug|Any CPU.Build.0 = Debug|Any CPU
		{064813C7-3D5D-4C35-8D81-202599B4ADEF}.Release|Any CPU.ActiveCfg = Release|Any CPU
		{064813C7-3D5D-4C35-8D81-202599B4ADEF}.Release|Any CPU.Build.0 = Release|Any CPU
		{064813C7-3D5D-4C35-8D81-202599B4ADEF}.AOT|Any CPU.ActiveCfg = Debug|Any CPU
		{064813C7-3D5D-4C35-8D81-202599B4ADEF}.AOT|Any CPU.Build.0 = Debug|Any CPU
		{3403A175-68C7-48A6-A9F3-DE8DF99A9354}.Debug|Any CPU.ActiveCfg = Debug|Any CPU
		{3403A175-68C7-48A6-A9F3-DE8DF99A9354}.Debug|Any CPU.Build.0 = Debug|Any CPU
		{3403A175-68C7-48A6-A9F3-DE8DF99A9354}.Release|Any CPU.ActiveCfg = Release|Any CPU
		{3403A175-68C7-48A6-A9F3-DE8DF99A9354}.Release|Any CPU.Build.0 = Release|Any CPU
		{3403A175-68C7-48A6-A9F3-DE8DF99A9354}.AOT|Any CPU.ActiveCfg = Debug|Any CPU
		{3403A175-68C7-48A6-A9F3-DE8DF99A9354}.AOT|Any CPU.Build.0 = Debug|Any CPU
	EndGlobalSection
	GlobalSection(SolutionProperties) = preSolution
		HideSolutionNode = FALSE
	EndGlobalSection
	GlobalSection(ExtensibilityGlobals) = postSolution
		SolutionGuid = {B8D9E72A-BD0B-459A-9E49-1FB6AC12940C}
	EndGlobalSection
	GlobalSection(NestedProjects) = preSolution
	EndGlobalSection
EndGlobal
